{
  "lockfileVersion": 3,
  "name": "src",
  "packages": {
    "": {
      "devDependencies": {
        "typescript": "^5.7.2"
      }
    },
    "node_modules/typescript": {
      "bin": {
        "tsc": "bin/tsc",
        "tsserver": "bin/tsserver"
      },
      "dev": true,
      "engines": {
        "node": ">=14.17"
      },
      "integrity": "sha512-i5t66RHxDvVN40HfDd1PsEThGNnlMCMT3jMUuoh9/0TaqWevNontacunWyN02LA9/fIbEWlcHZcgTKb9QoaLfg==",
      "resolved": "https://registry.npmjs.org/typescript/-/typescript-5.7.2.tgz",
      "version": "5.7.2"
    }
  },
  "requires": true
}